
Microsoft Visual Studio Solution File, Format Version 12.00
# Visual Studio 15
Project("{FAE04EC0-301F-11D3-BF4B-00C04F79EFBC}") = "Assembly-CSharp", "Assembly-CSharp.csproj", "{8B068C1E-BAE1-120A-ADA4-0473EACE4BD2}"
EndProject
Project("{FAE04EC0-301F-11D3-BF4B-00C04F79EFBC}") = "Assembly-CSharp-Editor", "Assembly-CSharp-Editor.csproj", "{6E82653D-BAB7-179E-5769-816C96D552FA}"
EndProject
Global
	GlobalSection(SolutionConfigurationPlatforms) = preSolution
		Debug|Any CPU = Debug|Any CPU
		Release|Any CPU = Release|Any CPU
	EndGlobalSection
	GlobalSection(ProjectConfigurationPlatforms) = postSolution
		{8B068C1E-BAE1-120A-ADA4-0473EACE4BD2}.Debug|Any CPU.ActiveCfg = Debug|Any CPU
		{8B068C1E-BAE1-120A-ADA4-0473EACE4BD2}.Debug|Any CPU.Build.0 = Debug|Any CPU
		{8B068C1E-BAE1-120A-ADA4-0473EACE4BD2}.Release|Any CPU.ActiveCfg = Release|Any CPU
		{8B068C1E-BAE1-120A-ADA4-0473EACE4BD2}.Release|Any CPU.Build.0 = Release|Any CPU
		{6E82653D-BAB7-179E-5769-816C96D552FA}.Debug|Any CPU.ActiveCfg = Debug|Any CPU
		{6E82653D-BAB7-179E-5769-816C96D552FA}.Debug|Any CPU.Build.0 = Debug|Any CPU
		{6E82653D-BAB7-179E-5769-816C96D552FA}.Release|Any CPU.ActiveCfg = Release|Any CPU
		{6E82653D-BAB7-179E-5769-816C96D552FA}.Release|Any CPU.Build.0 = Release|Any CPU
	EndGlobalSection
	GlobalSection(SolutionProperties) = preSolution
		HideSolutionNode = FALSE
	EndGlobalSection
EndGlobal
